
Microsoft Visual Studio Solution File, Format Version 12.00
# Visual Studio 15
VisualStudioVersion = 15.0.27130.2024
MinimumVisualStudioVersion = 10.0.40219.1
Project("{FAE04EC0-301F-11D3-BF4B-00C04F79EFBC}") = "MySportsFeeds.NetCore", "MySportsFeeds.NetCore\MySportsFeeds.NetCore.csproj", "{B16CB0E2-E2AF-4B65-8B34-1814633ECB4B}"
EndProject
Project("{FAE04EC0-301F-11D3-BF4B-00C04F79EFBC}") = "MySportsFeeds.NetCore.IntegrationTests", "MySportsFeeds.NetCore.Tests\MySportsFeeds.NetCore.IntegrationTests.csproj", "{F3B422DD-3BE3-47DA-BBA9-2847DBEEBE23}"
EndProject
Global
	GlobalSection(SolutionConfigurationPlatforms) = preSolution
		Debug|Any CPU = Debug|Any CPU
		Release|Any CPU = Release|Any CPU
	EndGlobalSection
	GlobalSection(ProjectConfigurationPlatforms) = postSolution
		{B16CB0E2-E2AF-4B65-8B34-1814633ECB4B}.Debug|Any CPU.ActiveCfg = Debug|Any CPU
		{B16CB0E2-E2AF-4B65-8B34-1814633ECB4B}.Debug|Any CPU.Build.0 = Debug|Any CPU
		{B16CB0E2-E2AF-4B65-8B34-1814633ECB4B}.Release|Any CPU.ActiveCfg = Release|Any CPU
		{B16CB0E2-E2AF-4B65-8B34-1814633ECB4B}.Release|Any CPU.Build.0 = Release|Any CPU
		{F3B422DD-3BE3-47DA-BBA9-2847DBEEBE23}.Debug|Any CPU.ActiveCfg = Debug|Any CPU
		{F3B422DD-3BE3-47DA-BBA9-2847DBEEBE23}.Debug|Any CPU.Build.0 = Debug|Any CPU
		{F3B422DD-3BE3-47DA-BBA9-2847DBEEBE23}.Release|Any CPU.ActiveCfg = Release|Any CPU
		{F3B422DD-3BE3-47DA-BBA9-2847DBEEBE23}.Release|Any CPU.Build.0 = Release|Any CPU
	EndGlobalSection
	GlobalSection(SolutionProperties) = preSolution
		HideSolutionNode = FALSE
	EndGlobalSection
	GlobalSection(ExtensibilityGlobals) = postSolution
		SolutionGuid = {6014F587-F6D5-411A-957E-66EC9FDBF816}
	EndGlobalSection
EndGlobal
